// !$*UTF8*$!
{
	archiveVersion = 1;
	classes = {
	};
	objectVersion = 50;
	objects = {

/* Begin PBXBuildFile section */
		4131E7D42371D71C008D65C2 /* HomeViewController.swift in Sources */ = {isa = PBXBuildFile; fileRef = 4131E7D32371D71C008D65C2 /* HomeViewController.swift */; };
		4131E7D62371D7EF008D65C2 /* AddTaskViewController.swift in Sources */ = {isa = PBXBuildFile; fileRef = 4131E7D52371D7EF008D65C2 /* AddTaskViewController.swift */; };
		4131E7DA2371F4F2008D65C2 /* IconCollectionViewCell.swift in Sources */ = {isa = PBXBuildFile; fileRef = 4131E7D92371F4F2008D65C2 /* IconCollectionViewCell.swift */; };
		4131E7DC2372FAD0008D65C2 /* MainCollectionViewCell.swift in Sources */ = {isa = PBXBuildFile; fileRef = 4131E7DB2372FAD0008D65C2 /* MainCollectionViewCell.swift */; };
		4131E7DE237338F9008D65C2 /* SettingsTableViewController.swift in Sources */ = {isa = PBXBuildFile; fileRef = 4131E7DD237338F9008D65C2 /* SettingsTableViewController.swift */; };
		4131E7E023733CCD008D65C2 /* SettingsItemTableViewCell.swift in Sources */ = {isa = PBXBuildFile; fileRef = 4131E7DF23733CCD008D65C2 /* SettingsItemTableViewCell.swift */; };
		41AC22E723749A6000ABB45B /* SelectedViewController.swift in Sources */ = {isa = PBXBuildFile; fileRef = 41AC22E623749A6000ABB45B /* SelectedViewController.swift */; };
		41B329DA237B407500985077 /* AlertView.xib in Resources */ = {isa = PBXBuildFile; fileRef = 41B329D9237B407500985077 /* AlertView.xib */; };
		41B329DC237B43C200985077 /* AlertView.swift in Sources */ = {isa = PBXBuildFile; fileRef = 41B329DB237B43C200985077 /* AlertView.swift */; };
		41BFBBB22371903C00289755 /* AppDelegate.swift in Sources */ = {isa = PBXBuildFile; fileRef = 41BFBBB12371903C00289755 /* AppDelegate.swift */; };
		41BFBBB72371903C00289755 /* Main.storyboard in Resources */ = {isa = PBXBuildFile; fileRef = 41BFBBB52371903C00289755 /* Main.storyboard */; };
		41BFBBBA2371903C00289755 /* Taskey.xcdatamodeld in Sources */ = {isa = PBXBuildFile; fileRef = 41BFBBB82371903C00289755 /* Taskey.xcdatamodeld */; };
		41BFBBBC2371904000289755 /* Assets.xcassets in Resources */ = {isa = PBXBuildFile; fileRef = 41BFBBBB2371904000289755 /* Assets.xcassets */; };
		41BFBBBF2371904000289755 /* LaunchScreen.storyboard in Resources */ = {isa = PBXBuildFile; fileRef = 41BFBBBD2371904000289755 /* LaunchScreen.storyboard */; };
/* End PBXBuildFile section */

/* Begin PBXFileReference section */
		4131E7D32371D71C008D65C2 /* HomeViewController.swift */ = {isa = PBXFileReference; lastKnownFileType = sourcecode.swift; path = HomeViewController.swift; sourceTree = "<group>"; };
		4131E7D52371D7EF008D65C2 /* AddTaskViewController.swift */ = {isa = PBXFileReference; lastKnownFileType = sourcecode.swift; path = AddTaskViewController.swift; sourceTree = "<group>"; };
		4131E7D92371F4F2008D65C2 /* IconCollectionViewCell.swift */ = {isa = PBXFileReference; lastKnownFileType = sourcecode.swift; path = IconCollectionViewCell.swift; sourceTree = "<group>"; };
		4131E7DB2372FAD0008D65C2 /* MainCollectionViewCell.swift */ = {isa = PBXFileReference; lastKnownFileType = sourcecode.swift; path = MainCollectionViewCell.swift; sourceTree = "<group>"; };
		4131E7DD237338F9008D65C2 /* SettingsTableViewController.swift */ = {isa = PBXFileReference; lastKnownFileType = sourcecode.swift; path = SettingsTableViewController.swift; sourceTree = "<group>"; };
		4131E7DF23733CCD008D65C2 /* SettingsItemTableViewCell.swift */ = {isa = PBXFileReference; lastKnownFileType = sourcecode.swift; path = SettingsItemTableViewCell.swift; sourceTree = "<group>"; };
		41AC22E623749A6000ABB45B /* SelectedViewController.swift */ = {isa = PBXFileReference; lastKnownFileType = sourcecode.swift; path = SelectedViewController.swift; sourceTree = "<group>"; };
		41B329D9237B407500985077 /* AlertView.xib */ = {isa = PBXFileReference; lastKnownFileType = file.xib; path = AlertView.xib; sourceTree = "<group>"; };
		41B329DB237B43C200985077 /* AlertView.swift */ = {isa = PBXFileReference; lastKnownFileType = sourcecode.swift; path = AlertView.swift; sourceTree = "<group>"; };
		41BFBBAE2371903C00289755 /* Taskey.app */ = {isa = PBXFileReference; explicitFileType = wrapper.application; includeInIndex = 0; path = Taskey.app; sourceTree = BUILT_PRODUCTS_DIR; };
		41BFBBB12371903C00289755 /* AppDelegate.swift */ = {isa = PBXFileReference; lastKnownFileType = sourcecode.swift; path = AppDelegate.swift; sourceTree = "<group>"; };
		41BFBBB62371903C00289755 /* Base */ = {isa = PBXFileReference; lastKnownFileType = file.storyboard; name = Base; path = Base.lproj/Main.storyboard; sourceTree = "<group>"; };
		41BFBBB92371903C00289755 /* Taskey.xcdatamodel */ = {isa = PBXFileReference; lastKnownFileType = wrapper.xcdatamodel; path = Taskey.xcdatamodel; sourceTree = "<group>"; };
		41BFBBBB2371904000289755 /* Assets.xcassets */ = {isa = PBXFileReference; lastKnownFileType = folder.assetcatalog; path = Assets.xcassets; sourceTree = "<group>"; };
		41BFBBBE2371904000289755 /* Base */ = {isa = PBXFileReference; lastKnownFileType = file.storyboard; name = Base; path = Base.lproj/LaunchScreen.storyboard; sourceTree = "<group>"; };
		41BFBBC02371904000289755 /* Info.plist */ = {isa = PBXFileReference; lastKnownFileType = text.plist.xml; path = Info.plist; sourceTree = "<group>"; };
/* End PBXFileReference section */

/* Begin PBXFrameworksBuildPhase section */
		41BFBBAB2371903C00289755 /* Frameworks */ = {
			isa = PBXFrameworksBuildPhase;
			buildActionMask = 2147483647;
			files = (
			);
			runOnlyForDeploymentPostprocessing = 0;
		};
/* End PBXFrameworksBuildPhase section */

/* Begin PBXGroup section */
		4131E7D72371D81F008D65C2 /* TaskeyControllers */ = {
			isa = PBXGroup;
			children = (
				41AC22E623749A6000ABB45B /* SelectedViewController.swift */,
				4131E7D32371D71C008D65C2 /* HomeViewController.swift */,
				4131E7D52371D7EF008D65C2 /* AddTaskViewController.swift */,
				4131E7D92371F4F2008D65C2 /* IconCollectionViewCell.swift */,
				4131E7DB2372FAD0008D65C2 /* MainCollectionViewCell.swift */,
				4131E7DD237338F9008D65C2 /* SettingsTableViewController.swift */,
				4131E7DF23733CCD008D65C2 /* SettingsItemTableViewCell.swift */,
				41B329D9237B407500985077 /* AlertView.xib */,
				41B329DB237B43C200985077 /* AlertView.swift */,
			);
			path = TaskeyControllers;
			sourceTree = "<group>";
		};
		4131E7D82371D83A008D65C2 /* TaskeyView */ = {
			isa = PBXGroup;
			children = (
				41BFBBB52371903C00289755 /* Main.storyboard */,
			);
			path = TaskeyView;
			sourceTree = "<group>";
		};
		41BFBBA52371903C00289755 = {
			isa = PBXGroup;
			children = (
				41BFBBB02371903C00289755 /* Taskey */,
				41BFBBAF2371903C00289755 /* Products */,
			);
			sourceTree = "<group>";
		};
		41BFBBAF2371903C00289755 /* Products */ = {
			isa = PBXGroup;
			children = (
				41BFBBAE2371903C00289755 /* Taskey.app */,
			);
			name = Products;
			sourceTree = "<group>";
		};
		41BFBBB02371903C00289755 /* Taskey */ = {
			isa = PBXGroup;
			children = (
				41D2F03A2375DCC00046C238 /* TaskeyModel */,
				41BFBBB12371903C00289755 /* AppDelegate.swift */,
				4131E7D72371D81F008D65C2 /* TaskeyControllers */,
				4131E7D82371D83A008D65C2 /* TaskeyView */,
				41BFBBBB2371904000289755 /* Assets.xcassets */,
				41BFBBBD2371904000289755 /* LaunchScreen.storyboard */,
				41BFBBC02371904000289755 /* Info.plist */,
			);
			path = Taskey;
			sourceTree = "<group>";
		};
		41D2F03A2375DCC00046C238 /* TaskeyModel */ = {
			isa = PBXGroup;
			children = (
				41BFBBB82371903C00289755 /* Taskey.xcdatamodeld */,
			);
			path = TaskeyModel;
			sourceTree = "<group>";
		};
/* End PBXGroup section */

/* Begin PBXNativeTarget section */
		41BFBBAD2371903C00289755 /* Taskey */ = {
			isa = PBXNativeTarget;
			buildConfigurationList = 41BFBBC32371904000289755 /* Build configuration list for PBXNativeTarget "Taskey" */;
			buildPhases = (
				41BFBBAA2371903C00289755 /* Sources */,
				41BFBBAB2371903C00289755 /* Frameworks */,
				41BFBBAC2371903C00289755 /* Resources */,
			);
			buildRules = (
			);
			dependencies = (
			);
			name = Taskey;
			productName = Taskey;
			productReference = 41BFBBAE2371903C00289755 /* Taskey.app */;
			productType = "com.apple.product-type.application";
		};
/* End PBXNativeTarget section */

/* Begin PBXProject section */
		41BFBBA62371903C00289755 /* Project object */ = {
			isa = PBXProject;
			attributes = {
				LastSwiftUpdateCheck = 1030;
				LastUpgradeCheck = 1030;
				ORGANIZATIONNAME = Ali;
				TargetAttributes = {
					41BFBBAD2371903C00289755 = {
						CreatedOnToolsVersion = 10.3;
					};
				};
			};
			buildConfigurationList = 41BFBBA92371903C00289755 /* Build configuration list for PBXProject "Taskey" */;
			compatibilityVersion = "Xcode 9.3";
			developmentRegion = en;
			hasScannedForEncodings = 0;
			knownRegions = (
				en,
				Base,
			);
			mainGroup = 41BFBBA52371903C00289755;
			productRefGroup = 41BFBBAF2371903C00289755 /* Products */;
			projectDirPath = "";
			projectRoot = "";
			targets = (
				41BFBBAD2371903C00289755 /* Taskey */,
			);
		};
/* End PBXProject section */

/* Begin PBXResourcesBuildPhase section */
		41BFBBAC2371903C00289755 /* Resources */ = {
			isa = PBXResourcesBuildPhase;
			buildActionMask = 2147483647;
			files = (
				41BFBBBF2371904000289755 /* LaunchScreen.storyboard in Resources */,
				41B329DA237B407500985077 /* AlertView.xib in Resources */,
				41BFBBBC2371904000289755 /* Assets.xcassets in Resources */,
				41BFBBB72371903C00289755 /* Main.storyboard in Resources */,
			);
			runOnlyForDeploymentPostprocessing = 0;
		};
/* End PBXResourcesBuildPhase section */

/* Begin PBXSourcesBuildPhase section */
		41BFBBAA2371903C00289755 /* Sources */ = {
			isa = PBXSourcesBuildPhase;
			buildActionMask = 2147483647;
			files = (
				41BFBBBA2371903C00289755 /* Taskey.xcdatamodeld in Sources */,
				4131E7DC2372FAD0008D65C2 /* MainCollectionViewCell.swift in Sources */,
				4131E7DA2371F4F2008D65C2 /* IconCollectionViewCell.swift in Sources */,
				4131E7D62371D7EF008D65C2 /* AddTaskViewController.swift in Sources */,
				41BFBBB22371903C00289755 /* AppDelegate.swift in Sources */,
				41B329DC237B43C200985077 /* AlertView.swift in Sources */,
				4131E7E023733CCD008D65C2 /* SettingsItemTableViewCell.swift in Sources */,
				4131E7D42371D71C008D65C2 /* HomeViewController.swift in Sources */,
				41AC22E723749A6000ABB45B /* SelectedViewController.swift in Sources */,
				4131E7DE237338F9008D65C2 /* SettingsTableViewController.swift in Sources */,
			);
			runOnlyForDeploymentPostprocessing = 0;
		};
/* End PBXSourcesBuildPhase section */

/* Begin PBXVariantGroup section */
		41BFBBB52371903C00289755 /* Main.storyboard */ = {
			isa = PBXVariantGroup;
			children = (
				41BFBBB62371903C00289755 /* Base */,
			);
			name = Main.storyboard;
			sourceTree = "<group>";
		};
		41BFBBBD2371904000289755 /* LaunchScreen.storyboard */ = {
			isa = PBXVariantGroup;
			children = (
				41BFBBBE2371904000289755 /* Base */,
			);
			name = LaunchScreen.storyboard;
			sourceTree = "<group>";
		};
/* End PBXVariantGroup section */

/* Begin XCBuildConfiguration section */
		41BFBBC12371904000289755 /* Debug */ = {
			isa = XCBuildConfiguration;
			buildSettings = {
				ALWAYS_SEARCH_USER_PATHS = NO;
				CLANG_ANALYZER_NONNULL = YES;
				CLANG_ANALYZER_NUMBER_OBJECT_CONVERSION = YES_AGGRESSIVE;
				CLANG_CXX_LANGUAGE_STANDARD = "gnu++14";
				CLANG_CXX_LIBRARY = "libc++";
				CLANG_ENABLE_MODULES = YES;
				CLANG_ENABLE_OBJC_ARC = YES;
				CLANG_ENABLE_OBJC_WEAK = YES;
				CLANG_WARN_BLOCK_CAPTURE_AUTORELEASING = YES;
				CLANG_WARN_BOOL_CONVERSION = YES;
				CLANG_WARN_COMMA = YES;
				CLANG_WARN_CONSTANT_CONVERSION = YES;
				CLANG_WARN_DEPRECATED_OBJC_IMPLEMENTATIONS = YES;
				CLANG_WARN_DIRECT_OBJC_ISA_USAGE = YES_ERROR;
				CLANG_WARN_DOCUMENTATION_COMMENTS = YES;
				CLANG_WARN_EMPTY_BODY = YES;
				CLANG_WARN_ENUM_CONVERSION = YES;
				CLANG_WARN_INFINITE_RECURSION = YES;
				CLANG_WARN_INT_CONVERSION = YES;
				CLANG_WARN_NON_LITERAL_NULL_CONVERSION = YES;
				CLANG_WARN_OBJC_IMPLICIT_RETAIN_SELF = YES;
				CLANG_WARN_OBJC_LITERAL_CONVERSION = YES;
				CLANG_WARN_OBJC_ROOT_CLASS = YES_ERROR;
				CLANG_WARN_RANGE_LOOP_ANALYSIS = YES;
				CLANG_WARN_STRICT_PROTOTYPES = YES;
				CLANG_WARN_SUSPICIOUS_MOVE = YES;
				CLANG_WARN_UNGUARDED_AVAILABILITY = YES_AGGRESSIVE;
				CLANG_WARN_UNREACHABLE_CODE = YES;
				CLANG_WARN__DUPLICATE_METHOD_MATCH = YES;
				CODE_SIGN_IDENTITY = "iPhone Developer";
				COPY_PHASE_STRIP = NO;
				DEBUG_INFORMATION_FORMAT = dwarf;
				ENABLE_STRICT_OBJC_MSGSEND = YES;
				ENABLE_TESTABILITY = YES;
				GCC_C_LANGUAGE_STANDARD = gnu11;
				GCC_DYNAMIC_NO_PIC = NO;
				GCC_NO_COMMON_BLOCKS = YES;
				GCC_OPTIMIZATION_LEVEL = 0;
				GCC_PREPROCESSOR_DEFINITIONS = (
					"DEBUG=1",
					"$(inherited)",
				);
				GCC_WARN_64_TO_32_BIT_CONVERSION = YES;
				GCC_WARN_ABOUT_RETURN_TYPE = YES_ERROR;
				GCC_WARN_UNDECLARED_SELECTOR = YES;
				GCC_WARN_UNINITIALIZED_AUTOS = YES_AGGRESSIVE;
				GCC_WARN_UNUSED_FUNCTION = YES;
				GCC_WARN_UNUSED_VARIABLE = YES;
				IPHONEOS_DEPLOYMENT_TARGET = 12.4;
				MTL_ENABLE_DEBUG_INFO = INCLUDE_SOURCE;
				MTL_FAST_MATH = YES;
				ONLY_ACTIVE_ARCH = YES;
				SDKROOT = iphoneos;
				SWIFT_ACTIVE_COMPILATION_CONDITIONS = DEBUG;
				SWIFT_OPTIMIZATION_LEVEL = "-Onone";
			};
			name = Debug;
		};
		41BFBBC22371904000289755 /* Release */ = {
			isa = XCBuildConfiguration;
			buildSettings = {
				ALWAYS_SEARCH_USER_PATHS = NO;
				CLANG_ANALYZER_NONNULL = YES;
				CLANG_ANALYZER_NUMBER_OBJECT_CONVERSION = YES_AGGRESSIVE;
				CLANG_CXX_LANGUAGE_STANDARD = "gnu++14";
				CLANG_CXX_LIBRARY = "libc++";
				CLANG_ENABLE_MODULES = YES;
				CLANG_ENABLE_OBJC_ARC = YES;
				CLANG_ENABLE_OBJC_WEAK = YES;
				CLANG_WARN_BLOCK_CAPTURE_AUTORELEASING = YES;
				CLANG_WARN_BOOL_CONVERSION = YES;
				CLANG_WARN_COMMA = YES;
				CLANG_WARN_CONSTANT_CONVERSION = YES;
				CLANG_WARN_DEPRECATED_OBJC_IMPLEMENTATIONS = YES;
				CLANG_WARN_DIRECT_OBJC_ISA_USAGE = YES_ERROR;
				CLANG_WARN_DOCUMENTATION_COMMENTS = YES;
				CLANG_WARN_EMPTY_BODY = YES;
				CLANG_WARN_ENUM_CONVERSION = YES;
				CLANG_WARN_INFINITE_RECURSION = YES;
				CLANG_WARN_INT_CONVERSION = YES;
				CLANG_WARN_NON_LITERAL_NULL_CONVERSION = YES;
				CLANG_WARN_OBJC_IMPLICIT_RETAIN_SELF = YES;
				CLANG_WARN_OBJC_LITERAL_CONVERSION = YES;
				CLANG_WARN_OBJC_ROOT_CLASS = YES_ERROR;
				CLANG_WARN_RANGE_LOOP_ANALYSIS = YES;
				CLANG_WARN_STRICT_PROTOTYPES = YES;
				CLANG_WARN_SUSPICIOUS_MOVE = YES;
				CLANG_WARN_UNGUARDED_AVAILABILITY = YES_AGGRESSIVE;
				CLANG_WARN_UNREACHABLE_CODE = YES;
				CLANG_WARN__DUPLICATE_METHOD_MATCH = YES;
				CODE_SIGN_IDENTITY = "iPhone Developer";
				COPY_PHASE_STRIP = NO;
				DEBUG_INFORMATION_FORMAT = "dwarf-with-dsym";
				ENABLE_NS_ASSERTIONS = NO;
				ENABLE_STRICT_OBJC_MSGSEND = YES;
				GCC_C_LANGUAGE_STANDARD = gnu11;
				GCC_NO_COMMON_BLOCKS = YES;
				GCC_WARN_64_TO_32_BIT_CONVERSION = YES;
				GCC_WARN_ABOUT_RETURN_TYPE = YES_ERROR;
				GCC_WARN_UNDECLARED_SELECTOR = YES;
				GCC_WARN_UNINITIALIZED_AUTOS = YES_AGGRESSIVE;
				GCC_WARN_UNUSED_FUNCTION = YES;
				GCC_WARN_UNUSED_VARIABLE = YES;
				IPHONEOS_DEPLOYMENT_TARGET = 12.4;
				MTL_ENABLE_DEBUG_INFO = NO;
				MTL_FAST_MATH = YES;
				SDKROOT = iphoneos;
				SWIFT_COMPILATION_MODE = wholemodule;
				SWIFT_OPTIMIZATION_LEVEL = "-O";
				VALIDATE_PRODUCT = YES;
			};
			name = Release;
		};
		41BFBBC42371904000289755 /* Debug */ = {
			isa = XCBuildConfiguration;
			buildSettings = {
				ASSETCATALOG_COMPILER_APPICON_NAME = AppIcon;
				CODE_SIGN_STYLE = Automatic;
				DEVELOPMENT_TEAM = M8B34WBV5V;
				INFOPLIST_FILE = Taskey/Info.plist;
				LD_RUNPATH_SEARCH_PATHS = (
					"$(inherited)",
					"@executable_path/Frameworks",
				);
				PRODUCT_BUNDLE_IDENTIFIER = com.ali.Taskey;
				PRODUCT_NAME = "$(TARGET_NAME)";
				SWIFT_VERSION = 5.0;
				TARGETED_DEVICE_FAMILY = 1;
			};
			name = Debug;
		};
		41BFBBC52371904000289755 /* Release */ = {
			isa = XCBuildConfiguration;
			buildSettings = {
				ASSETCATALOG_COMPILER_APPICON_NAME = AppIcon;
				CODE_SIGN_STYLE = Automatic;
				DEVELOPMENT_TEAM = M8B34WBV5V;
				INFOPLIST_FILE = Taskey/Info.plist;
				LD_RUNPATH_SEARCH_PATHS = (
					"$(inherited)",
					"@executable_path/Frameworks",
				);
				PRODUCT_BUNDLE_IDENTIFIER = com.ali.Taskey;
				PRODUCT_NAME = "$(TARGET_NAME)";
				SWIFT_VERSION = 5.0;
				TARGETED_DEVICE_FAMILY = 1;
			};
			name = Release;
		};
/* End XCBuildConfiguration section */

/* Begin XCConfigurationList section */
		41BFBBA92371903C00289755 /* Build configuration list for PBXProject "Taskey" */ = {
			isa = XCConfigurationList;
			buildConfigurations = (
				41BFBBC12371904000289755 /* Debug */,
				41BFBBC22371904000289755 /* Release */,
			);
			defaultConfigurationIsVisible = 0;
			defaultConfigurationName = Release;
		};
		41BFBBC32371904000289755 /* Build configuration list for PBXNativeTarget "Taskey" */ = {
			isa = XCConfigurationList;
			buildConfigurations = (
				41BFBBC42371904000289755 /* Debug */,
				41BFBBC52371904000289755 /* Release */,
			);
			defaultConfigurationIsVisible = 0;
			defaultConfigurationName = Release;
		};
/* End XCConfigurationList section */

/* Begin XCVersionGroup section */
		41BFBBB82371903C00289755 /* Taskey.xcdatamodeld */ = {
			isa = XCVersionGroup;
			children = (
				41BFBBB92371903C00289755 /* Taskey.xcdatamodel */,
			);
			currentVersion = 41BFBBB92371903C00289755 /* Taskey.xcdatamodel */;
			path = Taskey.xcdatamodeld;
			sourceTree = "<group>";
			versionGroupType = wrapper.xcdatamodel;
		};
/* End XCVersionGroup section */
	};
	rootObject = 41BFBBA62371903C00289755 /* Project object */;
}
